
Microsoft Visual Studio Solution File, Format Version 12.00
# Visual Studio Version 17
VisualStudioVersion = 17.5.2.0
MinimumVisualStudioVersion = 10.0.40219.1
Project("{FAE04EC0-301F-11D3-BF4B-00C04F79EFBC}") = "auth", "authe\auth.csproj", "{00E70406-1985-2B34-83A2-D30EF8B5C9F4}"
EndProject
Project("{2150E333-8FDC-42A3-9474-1A3956D46DE8}") = "Authentication", "Authentication", "{4695A4CC-2808-B473-78D8-BE303A4A5026}"
EndProject
Project("{FAE04EC0-301F-11D3-BF4B-00C04F79EFBC}") = "Infrastructure", "Authentication\Infrastructure\Infrastructure.csproj", "{2244088F-B342-4E56-93D3-BD64D9FE132F}"
EndProject
Project("{FAE04EC0-301F-11D3-BF4B-00C04F79EFBC}") = "Domain", "Authentication\Domain\Domain.csproj", "{1C1E8100-8C4B-4F9B-9F7B-3E815E7BF028}"
EndProject
Project("{FAE04EC0-301F-11D3-BF4B-00C04F79EFBC}") = "Application", "Authentication\Application\Application.csproj", "{468BF61F-09E0-40DD-84D4-58DC9A79F4D6}"
EndProject
Project("{FAE04EC0-301F-11D3-BF4B-00C04F79EFBC}") = "API", "Authentication\API\API.csproj", "{AD610FE1-D4DA-46EE-8073-7F99DB4B1B89}"
EndProject
Global
	GlobalSection(SolutionConfigurationPlatforms) = preSolution
		Debug|Any CPU = Debug|Any CPU
		Debug|x64 = Debug|x64
		Debug|x86 = Debug|x86
		Release|Any CPU = Release|Any CPU
		Release|x64 = Release|x64
		Release|x86 = Release|x86
	EndGlobalSection
	GlobalSection(ProjectConfigurationPlatforms) = postSolution
		{00E70406-1985-2B34-83A2-D30EF8B5C9F4}.Debug|Any CPU.ActiveCfg = Debug|Any CPU
		{00E70406-1985-2B34-83A2-D30EF8B5C9F4}.Debug|Any CPU.Build.0 = Debug|Any CPU
		{00E70406-1985-2B34-83A2-D30EF8B5C9F4}.Debug|x64.ActiveCfg = Debug|Any CPU
		{00E70406-1985-2B34-83A2-D30EF8B5C9F4}.Debug|x64.Build.0 = Debug|Any CPU
		{00E70406-1985-2B34-83A2-D30EF8B5C9F4}.Debug|x86.ActiveCfg = Debug|Any CPU
		{00E70406-1985-2B34-83A2-D30EF8B5C9F4}.Debug|x86.Build.0 = Debug|Any CPU
		{00E70406-1985-2B34-83A2-D30EF8B5C9F4}.Release|Any CPU.ActiveCfg = Release|Any CPU
		{00E70406-1985-2B34-83A2-D30EF8B5C9F4}.Release|Any CPU.Build.0 = Release|Any CPU
		{00E70406-1985-2B34-83A2-D30EF8B5C9F4}.Release|x64.ActiveCfg = Release|Any CPU
		{00E70406-1985-2B34-83A2-D30EF8B5C9F4}.Release|x64.Build.0 = Release|Any CPU
		{00E70406-1985-2B34-83A2-D30EF8B5C9F4}.Release|x86.ActiveCfg = Release|Any CPU
		{00E70406-1985-2B34-83A2-D30EF8B5C9F4}.Release|x86.Build.0 = Release|Any CPU
		{2244088F-B342-4E56-93D3-BD64D9FE132F}.Debug|Any CPU.ActiveCfg = Debug|Any CPU
		{2244088F-B342-4E56-93D3-BD64D9FE132F}.Debug|Any CPU.Build.0 = Debug|Any CPU
		{2244088F-B342-4E56-93D3-BD64D9FE132F}.Debug|x64.ActiveCfg = Debug|Any CPU
		{2244088F-B342-4E56-93D3-BD64D9FE132F}.Debug|x64.Build.0 = Debug|Any CPU
		{2244088F-B342-4E56-93D3-BD64D9FE132F}.Debug|x86.ActiveCfg = Debug|Any CPU
		{2244088F-B342-4E56-93D3-BD64D9FE132F}.Debug|x86.Build.0 = Debug|Any CPU
		{2244088F-B342-4E56-93D3-BD64D9FE132F}.Release|Any CPU.ActiveCfg = Release|Any CPU
		{2244088F-B342-4E56-93D3-BD64D9FE132F}.Release|Any CPU.Build.0 = Release|Any CPU
		{2244088F-B342-4E56-93D3-BD64D9FE132F}.Release|x64.ActiveCfg = Release|Any CPU
		{2244088F-B342-4E56-93D3-BD64D9FE132F}.Release|x64.Build.0 = Release|Any CPU
		{2244088F-B342-4E56-93D3-BD64D9FE132F}.Release|x86.ActiveCfg = Release|Any CPU
		{2244088F-B342-4E56-93D3-BD64D9FE132F}.Release|x86.Build.0 = Release|Any CPU
		{1C1E8100-8C4B-4F9B-9F7B-3E815E7BF028}.Debug|Any CPU.ActiveCfg = Debug|Any CPU
		{1C1E8100-8C4B-4F9B-9F7B-3E815E7BF028}.Debug|Any CPU.Build.0 = Debug|Any CPU
		{1C1E8100-8C4B-4F9B-9F7B-3E815E7BF028}.Debug|x64.ActiveCfg = Debug|Any CPU
		{1C1E8100-8C4B-4F9B-9F7B-3E815E7BF028}.Debug|x64.Build.0 = Debug|Any CPU
		{1C1E8100-8C4B-4F9B-9F7B-3E815E7BF028}.Debug|x86.ActiveCfg = Debug|Any CPU
		{1C1E8100-8C4B-4F9B-9F7B-3E815E7BF028}.Debug|x86.Build.0 = Debug|Any CPU
		{1C1E8100-8C4B-4F9B-9F7B-3E815E7BF028}.Release|Any CPU.ActiveCfg = Release|Any CPU
		{1C1E8100-8C4B-4F9B-9F7B-3E815E7BF028}.Release|Any CPU.Build.0 = Release|Any CPU
		{1C1E8100-8C4B-4F9B-9F7B-3E815E7BF028}.Release|x64.ActiveCfg = Release|Any CPU
		{1C1E8100-8C4B-4F9B-9F7B-3E815E7BF028}.Release|x64.Build.0 = Release|Any CPU
		{1C1E8100-8C4B-4F9B-9F7B-3E815E7BF028}.Release|x86.ActiveCfg = Release|Any CPU
		{1C1E8100-8C4B-4F9B-9F7B-3E815E7BF028}.Release|x86.Build.0 = Release|Any CPU
		{468BF61F-09E0-40DD-84D4-58DC9A79F4D6}.Debug|Any CPU.ActiveCfg = Debug|Any CPU
		{468BF61F-09E0-40DD-84D4-58DC9A79F4D6}.Debug|Any CPU.Build.0 = Debug|Any CPU
		{468BF61F-09E0-40DD-84D4-58DC9A79F4D6}.Debug|x64.ActiveCfg = Debug|Any CPU
		{468BF61F-09E0-40DD-84D4-58DC9A79F4D6}.Debug|x64.Build.0 = Debug|Any CPU
		{468BF61F-09E0-40DD-84D4-58DC9A79F4D6}.Debug|x86.ActiveCfg = Debug|Any CPU
		{468BF61F-09E0-40DD-84D4-58DC9A79F4D6}.Debug|x86.Build.0 = Debug|Any CPU
		{468BF61F-09E0-40DD-84D4-58DC9A79F4D6}.Release|Any CPU.ActiveCfg = Release|Any CPU
		{468BF61F-09E0-40DD-84D4-58DC9A79F4D6}.Release|Any CPU.Build.0 = Release|Any CPU
		{468BF61F-09E0-40DD-84D4-58DC9A79F4D6}.Release|x64.ActiveCfg = Release|Any CPU
		{468BF61F-09E0-40DD-84D4-58DC9A79F4D6}.Release|x64.Build.0 = Release|Any CPU
		{468BF61F-09E0-40DD-84D4-58DC9A79F4D6}.Release|x86.ActiveCfg = Release|Any CPU
		{468BF61F-09E0-40DD-84D4-58DC9A79F4D6}.Release|x86.Build.0 = Release|Any CPU
		{AD610FE1-D4DA-46EE-8073-7F99DB4B1B89}.Debug|Any CPU.ActiveCfg = Debug|Any CPU
		{AD610FE1-D4DA-46EE-8073-7F99DB4B1B89}.Debug|Any CPU.Build.0 = Debug|Any CPU
		{AD610FE1-D4DA-46EE-8073-7F99DB4B1B89}.Debug|x64.ActiveCfg = Debug|Any CPU
		{AD610FE1-D4DA-46EE-8073-7F99DB4B1B89}.Debug|x64.Build.0 = Debug|Any CPU
		{AD610FE1-D4DA-46EE-8073-7F99DB4B1B89}.Debug|x86.ActiveCfg = Debug|Any CPU
		{AD610FE1-D4DA-46EE-8073-7F99DB4B1B89}.Debug|x86.Build.0 = Debug|Any CPU
		{AD610FE1-D4DA-46EE-8073-7F99DB4B1B89}.Release|Any CPU.ActiveCfg = Release|Any CPU
		{AD610FE1-D4DA-46EE-8073-7F99DB4B1B89}.Release|Any CPU.Build.0 = Release|Any CPU
		{AD610FE1-D4DA-46EE-8073-7F99DB4B1B89}.Release|x64.ActiveCfg = Release|Any CPU
		{AD610FE1-D4DA-46EE-8073-7F99DB4B1B89}.Release|x64.Build.0 = Release|Any CPU
		{AD610FE1-D4DA-46EE-8073-7F99DB4B1B89}.Release|x86.ActiveCfg = Release|Any CPU
		{AD610FE1-D4DA-46EE-8073-7F99DB4B1B89}.Release|x86.Build.0 = Release|Any CPU
	EndGlobalSection
	GlobalSection(SolutionProperties) = preSolution
		HideSolutionNode = FALSE
	EndGlobalSection
	GlobalSection(NestedProjects) = preSolution
		{2244088F-B342-4E56-93D3-BD64D9FE132F} = {4695A4CC-2808-B473-78D8-BE303A4A5026}
		{1C1E8100-8C4B-4F9B-9F7B-3E815E7BF028} = {4695A4CC-2808-B473-78D8-BE303A4A5026}
		{468BF61F-09E0-40DD-84D4-58DC9A79F4D6} = {4695A4CC-2808-B473-78D8-BE303A4A5026}
		{AD610FE1-D4DA-46EE-8073-7F99DB4B1B89} = {4695A4CC-2808-B473-78D8-BE303A4A5026}
	EndGlobalSection
	GlobalSection(ExtensibilityGlobals) = postSolution
		SolutionGuid = {909814F9-B772-44E5-AA68-09197BAF4AFD}
	EndGlobalSection
EndGlobal
